// !$*UTF8*$!
{
	archiveVersion = 1;
	classes = {
	};
	objectVersion = 55;
	objects = {

/* Begin PBXBuildFile section */
		699ADB3D2721F04700D100A0 /* AppDelegate.swift in Sources */ = {isa = PBXBuildFile; fileRef = 699ADB3C2721F04700D100A0 /* AppDelegate.swift */; };
		699ADB3F2721F04700D100A0 /* SceneDelegate.swift in Sources */ = {isa = PBXBuildFile; fileRef = 699ADB3E2721F04700D100A0 /* SceneDelegate.swift */; };
		699ADB412721F04700D100A0 /* ViewController.swift in Sources */ = {isa = PBXBuildFile; fileRef = 699ADB402721F04700D100A0 /* ViewController.swift */; };
		699ADB442721F04700D100A0 /* Main.storyboard in Resources */ = {isa = PBXBuildFile; fileRef = 699ADB422721F04700D100A0 /* Main.storyboard */; };
		699ADB462721F04800D100A0 /* Assets.xcassets in Resources */ = {isa = PBXBuildFile; fileRef = 699ADB452721F04800D100A0 /* Assets.xcassets */; };
		699ADB492721F04800D100A0 /* LaunchScreen.storyboard in Resources */ = {isa = PBXBuildFile; fileRef = 699ADB472721F04800D100A0 /* LaunchScreen.storyboard */; };
		699ADB512721F0B400D100A0 /* CustomTableViewCell.swift in Sources */ = {isa = PBXBuildFile; fileRef = 699ADB502721F0B400D100A0 /* CustomTableViewCell.swift */; };
		699ADB532721F2EE00D100A0 /* PictureDetailed.swift in Sources */ = {isa = PBXBuildFile; fileRef = 699ADB522721F2EE00D100A0 /* PictureDetailed.swift */; };
		699ADB552722012600D100A0 /* DetailViewController.swift in Sources */ = {isa = PBXBuildFile; fileRef = 699ADB542722012600D100A0 /* DetailViewController.swift */; };
/* End PBXBuildFile section */

/* Begin PBXFileReference section */
		699ADB392721F04700D100A0 /* Project12M.app */ = {isa = PBXFileReference; explicitFileType = wrapper.application; includeInIndex = 0; path = Project12M.app; sourceTree = BUILT_PRODUCTS_DIR; };
		699ADB3C2721F04700D100A0 /* AppDelegate.swift */ = {isa = PBXFileReference; lastKnownFileType = sourcecode.swift; path = AppDelegate.swift; sourceTree = "<group>"; };
		699ADB3E2721F04700D100A0 /* SceneDelegate.swift */ = {isa = PBXFileReference; lastKnownFileType = sourcecode.swift; path = SceneDelegate.swift; sourceTree = "<group>"; };
		699ADB402721F04700D100A0 /* ViewController.swift */ = {isa = PBXFileReference; lastKnownFileType = sourcecode.swift; path = ViewController.swift; sourceTree = "<group>"; };
		699ADB432721F04700D100A0 /* Base */ = {isa = PBXFileReference; lastKnownFileType = file.storyboard; name = Base; path = Base.lproj/Main.storyboard; sourceTree = "<group>"; };
		699ADB452721F04800D100A0 /* Assets.xcassets */ = {isa = PBXFileReference; lastKnownFileType = folder.assetcatalog; path = Assets.xcassets; sourceTree = "<group>"; };
		699ADB482721F04800D100A0 /* Base */ = {isa = PBXFileReference; lastKnownFileType = file.storyboard; name = Base; path = Base.lproj/LaunchScreen.storyboard; sourceTree = "<group>"; };
		699ADB4A2721F04800D100A0 /* Info.plist */ = {isa = PBXFileReference; lastKnownFileType = text.plist.xml; path = Info.plist; sourceTree = "<group>"; };
		699ADB502721F0B400D100A0 /* CustomTableViewCell.swift */ = {isa = PBXFileReference; lastKnownFileType = sourcecode.swift; path = CustomTableViewCell.swift; sourceTree = "<group>"; };
		699ADB522721F2EE00D100A0 /* PictureDetailed.swift */ = {isa = PBXFileReference; lastKnownFileType = sourcecode.swift; path = PictureDetailed.swift; sourceTree = "<group>"; };
		699ADB542722012600D100A0 /* DetailViewController.swift */ = {isa = PBXFileReference; lastKnownFileType = sourcecode.swift; path = DetailViewController.swift; sourceTree = "<group>"; };
/* End PBXFileReference section */

/* Begin PBXFrameworksBuildPhase section */
		699ADB362721F04700D100A0 /* Frameworks */ = {
			isa = PBXFrameworksBuildPhase;
			buildActionMask = 2147483647;
			files = (
			);
			runOnlyForDeploymentPostprocessing = 0;
		};
/* End PBXFrameworksBuildPhase section */

/* Begin PBXGroup section */
		699ADB302721F04700D100A0 = {
			isa = PBXGroup;
			children = (
				699ADB3B2721F04700D100A0 /* HWSClassic-Day50-PhotoName */,
				699ADB3A2721F04700D100A0 /* Products */,
			);
			sourceTree = "<group>";
		};
		699ADB3A2721F04700D100A0 /* Products */ = {
			isa = PBXGroup;
			children = (
				699ADB392721F04700D100A0 /* Project12M.app */,
			);
			name = Products;
			sourceTree = "<group>";
		};
		699ADB3B2721F04700D100A0 /* HWSClassic-Day50-PhotoName */ = {
			isa = PBXGroup;
			children = (
				699ADB3C2721F04700D100A0 /* AppDelegate.swift */,
				699ADB3E2721F04700D100A0 /* SceneDelegate.swift */,
				699ADB522721F2EE00D100A0 /* PictureDetailed.swift */,
				699ADB502721F0B400D100A0 /* CustomTableViewCell.swift */,
				699ADB402721F04700D100A0 /* ViewController.swift */,
				699ADB542722012600D100A0 /* DetailViewController.swift */,
				699ADB422721F04700D100A0 /* Main.storyboard */,
				699ADB452721F04800D100A0 /* Assets.xcassets */,
				699ADB472721F04800D100A0 /* LaunchScreen.storyboard */,
				699ADB4A2721F04800D100A0 /* Info.plist */,
			);
			path = "HWSClassic-Day50-PhotoName";
			sourceTree = "<group>";
		};
/* End PBXGroup section */

/* Begin PBXNativeTarget section */
		699ADB382721F04700D100A0 /* Project12M */ = {
			isa = PBXNativeTarget;
			buildConfigurationList = 699ADB4D2721F04800D100A0 /* Build configuration list for PBXNativeTarget "Project12M" */;
			buildPhases = (
				699ADB352721F04700D100A0 /* Sources */,
				699ADB362721F04700D100A0 /* Frameworks */,
				699ADB372721F04700D100A0 /* Resources */,
			);
			buildRules = (
			);
			dependencies = (
			);
			name = Project12M;
			productName = Project12M;
			productReference = 699ADB392721F04700D100A0 /* Project12M.app */;
			productType = "com.apple.product-type.application";
		};
/* End PBXNativeTarget section */

/* Begin PBXProject section */
		699ADB312721F04700D100A0 /* Project object */ = {
			isa = PBXProject;
			attributes = {
				BuildIndependentTargetsInParallel = 1;
				LastSwiftUpdateCheck = 1300;
				LastUpgradeCheck = 1300;
				TargetAttributes = {
					699ADB382721F04700D100A0 = {
						CreatedOnToolsVersion = 13.0;
					};
				};
			};
			buildConfigurationList = 699ADB342721F04700D100A0 /* Build configuration list for PBXProject "HWSClassic-Day50-PhotoName" */;
			compatibilityVersion = "Xcode 13.0";
			developmentRegion = en;
			hasScannedForEncodings = 0;
			knownRegions = (
				en,
				Base,
			);
			mainGroup = 699ADB302721F04700D100A0;
			productRefGroup = 699ADB3A2721F04700D100A0 /* Products */;
			projectDirPath = "";
			projectRoot = "";
			targets = (
				699ADB382721F04700D100A0 /* Project12M */,
			);
		};
/* End PBXProject section */

/* Begin PBXResourcesBuildPhase section */
		699ADB372721F04700D100A0 /* Resources */ = {
			isa = PBXResourcesBuildPhase;
			buildActionMask = 2147483647;
			files = (
				699ADB492721F04800D100A0 /* LaunchScreen.storyboard in Resources */,
				699ADB462721F04800D100A0 /* Assets.xcassets in Resources */,
				699ADB442721F04700D100A0 /* Main.storyboard in Resources */,
			);
			runOnlyForDeploymentPostprocessing = 0;
		};
/* End PBXResourcesBuildPhase section */

/* Begin PBXSourcesBuildPhase section */
		699ADB352721F04700D100A0 /* Sources */ = {
			isa = PBXSourcesBuildPhase;
			buildActionMask = 2147483647;
			files = (
				699ADB532721F2EE00D100A0 /* PictureDetailed.swift in Sources */,
				699ADB412721F04700D100A0 /* ViewController.swift in Sources */,
				699ADB3D2721F04700D100A0 /* AppDelegate.swift in Sources */,
				699ADB552722012600D100A0 /* DetailViewController.swift in Sources */,
				699ADB512721F0B400D100A0 /* CustomTableViewCell.swift in Sources */,
				699ADB3F2721F04700D100A0 /* SceneDelegate.swift in Sources */,
			);
			runOnlyForDeploymentPostprocessing = 0;
		};
/* End PBXSourcesBuildPhase section */

/* Begin PBXVariantGroup section */
		699ADB422721F04700D100A0 /* Main.storyboard */ = {
			isa = PBXVariantGroup;
			children = (
				699ADB432721F04700D100A0 /* Base */,
			);
			name = Main.storyboard;
			sourceTree = "<group>";
		};
		699ADB472721F04800D100A0 /* LaunchScreen.storyboard */ = {
			isa = PBXVariantGroup;
			children = (
				699ADB482721F04800D100A0 /* Base */,
			);
			name = LaunchScreen.storyboard;
			sourceTree = "<group>";
		};
/* End PBXVariantGroup section */

/* Begin XCBuildConfiguration section */
		699ADB4B2721F04800D100A0 /* Debug */ = {
			isa = XCBuildConfiguration;
			buildSettings = {
				ALWAYS_SEARCH_USER_PATHS = NO;
				CLANG_ANALYZER_NONNULL = YES;
				CLANG_ANALYZER_NUMBER_OBJECT_CONVERSION = YES_AGGRESSIVE;
				CLANG_CXX_LANGUAGE_STANDARD = "gnu++17";
				CLANG_CXX_LIBRARY = "libc++";
				CLANG_ENABLE_MODULES = YES;
				CLANG_ENABLE_OBJC_ARC = YES;
				CLANG_ENABLE_OBJC_WEAK = YES;
				CLANG_WARN_BLOCK_CAPTURE_AUTORELEASING = YES;
				CLANG_WARN_BOOL_CONVERSION = YES;
				CLANG_WARN_COMMA = YES;
				CLANG_WARN_CONSTANT_CONVERSION = YES;
				CLANG_WARN_DEPRECATED_OBJC_IMPLEMENTATIONS = YES;
				CLANG_WARN_DIRECT_OBJC_ISA_USAGE = YES_ERROR;
				CLANG_WARN_DOCUMENTATION_COMMENTS = YES;
				CLANG_WARN_EMPTY_BODY = YES;
				CLANG_WARN_ENUM_CONVERSION = YES;
				CLANG_WARN_INFINITE_RECURSION = YES;
				CLANG_WARN_INT_CONVERSION = YES;
				CLANG_WARN_NON_LITERAL_NULL_CONVERSION = YES;
				CLANG_WARN_OBJC_IMPLICIT_RETAIN_SELF = YES;
				CLANG_WARN_OBJC_LITERAL_CONVERSION = YES;
				CLANG_WARN_OBJC_ROOT_CLASS = YES_ERROR;
				CLANG_WARN_QUOTED_INCLUDE_IN_FRAMEWORK_HEADER = YES;
				CLANG_WARN_RANGE_LOOP_ANALYSIS = YES;
				CLANG_WARN_STRICT_PROTOTYPES = YES;
				CLANG_WARN_SUSPICIOUS_MOVE = YES;
				CLANG_WARN_UNGUARDED_AVAILABILITY = YES_AGGRESSIVE;
				CLANG_WARN_UNREACHABLE_CODE = YES;
				CLANG_WARN__DUPLICATE_METHOD_MATCH = YES;
				COPY_PHASE_STRIP = NO;
				DEBUG_INFORMATION_FORMAT = dwarf;
				ENABLE_STRICT_OBJC_MSGSEND = YES;
				ENABLE_TESTABILITY = YES;
				GCC_C_LANGUAGE_STANDARD = gnu11;
				GCC_DYNAMIC_NO_PIC = NO;
				GCC_NO_COMMON_BLOCKS = YES;
				GCC_OPTIMIZATION_LEVEL = 0;
				GCC_PREPROCESSOR_DEFINITIONS = (
					"DEBUG=1",
					"$(inherited)",
				);
				GCC_WARN_64_TO_32_BIT_CONVERSION = YES;
				GCC_WARN_ABOUT_RETURN_TYPE = YES_ERROR;
				GCC_WARN_UNDECLARED_SELECTOR = YES;
				GCC_WARN_UNINITIALIZED_AUTOS = YES_AGGRESSIVE;
				GCC_WARN_UNUSED_FUNCTION = YES;
				GCC_WARN_UNUSED_VARIABLE = YES;
				IPHONEOS_DEPLOYMENT_TARGET = 15.0;
				MTL_ENABLE_DEBUG_INFO = INCLUDE_SOURCE;
				MTL_FAST_MATH = YES;
				ONLY_ACTIVE_ARCH = YES;
				SDKROOT = iphoneos;
				SWIFT_ACTIVE_COMPILATION_CONDITIONS = DEBUG;
				SWIFT_OPTIMIZATION_LEVEL = "-Onone";
			};
			name = Debug;
		};
		699ADB4C2721F04800D100A0 /* Release */ = {
			isa = XCBuildConfiguration;
			buildSettings = {
				ALWAYS_SEARCH_USER_PATHS = NO;
				CLANG_ANALYZER_NONNULL = YES;
				CLANG_ANALYZER_NUMBER_OBJECT_CONVERSION = YES_AGGRESSIVE;
				CLANG_CXX_LANGUAGE_STANDARD = "gnu++17";
				CLANG_CXX_LIBRARY = "libc++";
				CLANG_ENABLE_MODULES = YES;
				CLANG_ENABLE_OBJC_ARC = YES;
				CLANG_ENABLE_OBJC_WEAK = YES;
				CLANG_WARN_BLOCK_CAPTURE_AUTORELEASING = YES;
				CLANG_WARN_BOOL_CONVERSION = YES;
				CLANG_WARN_COMMA = YES;
				CLANG_WARN_CONSTANT_CONVERSION = YES;
				CLANG_WARN_DEPRECATED_OBJC_IMPLEMENTATIONS = YES;
				CLANG_WARN_DIRECT_OBJC_ISA_USAGE = YES_ERROR;
				CLANG_WARN_DOCUMENTATION_COMMENTS = YES;
				CLANG_WARN_EMPTY_BODY = YES;
				CLANG_WARN_ENUM_CONVERSION = YES;
				CLANG_WARN_INFINITE_RECURSION = YES;
				CLANG_WARN_INT_CONVERSION = YES;
				CLANG_WARN_NON_LITERAL_NULL_CONVERSION = YES;
				CLANG_WARN_OBJC_IMPLICIT_RETAIN_SELF = YES;
				CLANG_WARN_OBJC_LITERAL_CONVERSION = YES;
				CLANG_WARN_OBJC_ROOT_CLASS = YES_ERROR;
				CLANG_WARN_QUOTED_INCLUDE_IN_FRAMEWORK_HEADER = YES;
				CLANG_WARN_RANGE_LOOP_ANALYSIS = YES;
				CLANG_WARN_STRICT_PROTOTYPES = YES;
				CLANG_WARN_SUSPICIOUS_MOVE = YES;
				CLANG_WARN_UNGUARDED_AVAILABILITY = YES_AGGRESSIVE;
				CLANG_WARN_UNREACHABLE_CODE = YES;
				CLANG_WARN__DUPLICATE_METHOD_MATCH = YES;
				COPY_PHASE_STRIP = NO;
				DEBUG_INFORMATION_FORMAT = "dwarf-with-dsym";
				ENABLE_NS_ASSERTIONS = NO;
				ENABLE_STRICT_OBJC_MSGSEND = YES;
				GCC_C_LANGUAGE_STANDARD = gnu11;
				GCC_NO_COMMON_BLOCKS = YES;
				GCC_WARN_64_TO_32_BIT_CONVERSION = YES;
				GCC_WARN_ABOUT_RETURN_TYPE = YES_ERROR;
				GCC_WARN_UNDECLARED_SELECTOR = YES;
				GCC_WARN_UNINITIALIZED_AUTOS = YES_AGGRESSIVE;
				GCC_WARN_UNUSED_FUNCTION = YES;
				GCC_WARN_UNUSED_VARIABLE = YES;
				IPHONEOS_DEPLOYMENT_TARGET = 15.0;
				MTL_ENABLE_DEBUG_INFO = NO;
				MTL_FAST_MATH = YES;
				SDKROOT = iphoneos;
				SWIFT_COMPILATION_MODE = wholemodule;
				SWIFT_OPTIMIZATION_LEVEL = "-O";
				VALIDATE_PRODUCT = YES;
			};
			name = Release;
		};
		699ADB4E2721F04800D100A0 /* Debug */ = {
			isa = XCBuildConfiguration;
			buildSettings = {
				ASSETCATALOG_COMPILER_APPICON_NAME = AppIcon;
				ASSETCATALOG_COMPILER_GLOBAL_ACCENT_COLOR_NAME = AccentColor;
				CODE_SIGN_STYLE = Automatic;
				CURRENT_PROJECT_VERSION = 1;
				DEVELOPMENT_TEAM = 96Q85JB8SS;
				GENERATE_INFOPLIST_FILE = YES;
				INFOPLIST_FILE = "HWSClassic-Day50-PhotoName/Info.plist";
				INFOPLIST_KEY_UIApplicationSupportsIndirectInputEvents = YES;
				INFOPLIST_KEY_UILaunchStoryboardName = LaunchScreen;
				INFOPLIST_KEY_UIMainStoryboardFile = Main;
				INFOPLIST_KEY_UISupportedInterfaceOrientations_iPad = "UIInterfaceOrientationPortrait UIInterfaceOrientationPortraitUpsideDown UIInterfaceOrientationLandscapeLeft UIInterfaceOrientationLandscapeRight";
				INFOPLIST_KEY_UISupportedInterfaceOrientations_iPhone = "UIInterfaceOrientationPortrait UIInterfaceOrientationLandscapeLeft UIInterfaceOrientationLandscapeRight";
				LD_RUNPATH_SEARCH_PATHS = (
					"$(inherited)",
					"@executable_path/Frameworks",
				);
				MARKETING_VERSION = 1.0;
				PRODUCT_BUNDLE_IDENTIFIER = fr.buewaertromain.Project12M;
				PRODUCT_NAME = "$(TARGET_NAME)";
				SWIFT_EMIT_LOC_STRINGS = YES;
				SWIFT_VERSION = 5.0;
				TARGETED_DEVICE_FAMILY = 1;
			};
			name = Debug;
		};
		699ADB4F2721F04800D100A0 /* Release */ = {
			isa = XCBuildConfiguration;
			buildSettings = {
				ASSETCATALOG_COMPILER_APPICON_NAME = AppIcon;
				ASSETCATALOG_COMPILER_GLOBAL_ACCENT_COLOR_NAME = AccentColor;
				CODE_SIGN_STYLE = Automatic;
				CURRENT_PROJECT_VERSION = 1;
				DEVELOPMENT_TEAM = 96Q85JB8SS;
				GENERATE_INFOPLIST_FILE = YES;
				INFOPLIST_FILE = "HWSClassic-Day50-PhotoName/Info.plist";
				INFOPLIST_KEY_UIApplicationSupportsIndirectInputEvents = YES;
				INFOPLIST_KEY_UILaunchStoryboardName = LaunchScreen;
				INFOPLIST_KEY_UIMainStoryboardFile = Main;
				INFOPLIST_KEY_UISupportedInterfaceOrientations_iPad = "UIInterfaceOrientationPortrait UIInterfaceOrientationPortraitUpsideDown UIInterfaceOrientationLandscapeLeft UIInterfaceOrientationLandscapeRight";
				INFOPLIST_KEY_UISupportedInterfaceOrientations_iPhone = "UIInterfaceOrientationPortrait UIInterfaceOrientationLandscapeLeft UIInterfaceOrientationLandscapeRight";
				LD_RUNPATH_SEARCH_PATHS = (
					"$(inherited)",
					"@executable_path/Frameworks",
				);
				MARKETING_VERSION = 1.0;
				PRODUCT_BUNDLE_IDENTIFIER = fr.buewaertromain.Project12M;
				PRODUCT_NAME = "$(TARGET_NAME)";
				SWIFT_EMIT_LOC_STRINGS = YES;
				SWIFT_VERSION = 5.0;
				TARGETED_DEVICE_FAMILY = 1;
			};
			name = Release;
		};
/* End XCBuildConfiguration section */

/* Begin XCConfigurationList section */
		699ADB342721F04700D100A0 /* Build configuration list for PBXProject "HWSClassic-Day50-PhotoName" */ = {
			isa = XCConfigurationList;
			buildConfigurations = (
				699ADB4B2721F04800D100A0 /* Debug */,
				699ADB4C2721F04800D100A0 /* Release */,
			);
			defaultConfigurationIsVisible = 0;
			defaultConfigurationName = Release;
		};
		699ADB4D2721F04800D100A0 /* Build configuration list for PBXNativeTarget "Project12M" */ = {
			isa = XCConfigurationList;
			buildConfigurations = (
				699ADB4E2721F04800D100A0 /* Debug */,
				699ADB4F2721F04800D100A0 /* Release */,
			);
			defaultConfigurationIsVisible = 0;
			defaultConfigurationName = Release;
		};
/* End XCConfigurationList section */
	};
	rootObject = 699ADB312721F04700D100A0 /* Project object */;
}
